
Microsoft Visual Studio Solution File, Format Version 12.00
# Visual Studio 15
VisualStudioVersion = 15.0.26124.0
MinimumVisualStudioVersion = 15.0.26124.0
Project("{9A19103F-16F7-4668-BE54-9A1E7A4F7556}") = "DuskModPatcher", "DuskModPatcher\DuskModPatcher.csproj", "{C05D7448-6123-406C-A66B-ADC2133B94B2}"
EndProject
Project("{9A19103F-16F7-4668-BE54-9A1E7A4F7556}") = "DuskMod", "duskmod\DuskMod.csproj", "{F8137740-CFC1-477C-AB64-5D66A30CF9CF}"
EndProject
Project("{9A19103F-16F7-4668-BE54-9A1E7A4F7556}") = "Stickies", "Stickies\Stickies.csproj", "{CBE11BDF-2891-4678-A7DE-F94615167854}"
EndProject
Project("{9A19103F-16F7-4668-BE54-9A1E7A4F7556}") = "NoInfighting", "NoInfighting\NoInfighting.csproj", "{0C7B0C82-ADF8-4788-9DA0-E9DB29E92FE2}"
EndProject
Project("{9A19103F-16F7-4668-BE54-9A1E7A4F7556}") = "RangerHup", "RangerHup\RangerHup.csproj", "{3C75FA0C-9F80-4741-B285-179507A2AB96}"
EndProject
Global
	GlobalSection(SolutionConfigurationPlatforms) = preSolution
		Debug|Any CPU = Debug|Any CPU
		Debug|x64 = Debug|x64
		Debug|x86 = Debug|x86
		Release|Any CPU = Release|Any CPU
		Release|x64 = Release|x64
		Release|x86 = Release|x86
	EndGlobalSection
	GlobalSection(ProjectConfigurationPlatforms) = postSolution
		{C05D7448-6123-406C-A66B-ADC2133B94B2}.Debug|Any CPU.ActiveCfg = Debug|Any CPU
		{C05D7448-6123-406C-A66B-ADC2133B94B2}.Debug|Any CPU.Build.0 = Debug|Any CPU
		{C05D7448-6123-406C-A66B-ADC2133B94B2}.Debug|x64.ActiveCfg = Debug|Any CPU
		{C05D7448-6123-406C-A66B-ADC2133B94B2}.Debug|x64.Build.0 = Debug|Any CPU
		{C05D7448-6123-406C-A66B-ADC2133B94B2}.Debug|x86.ActiveCfg = Debug|Any CPU
		{C05D7448-6123-406C-A66B-ADC2133B94B2}.Debug|x86.Build.0 = Debug|Any CPU
		{C05D7448-6123-406C-A66B-ADC2133B94B2}.Release|Any CPU.ActiveCfg = Release|Any CPU
		{C05D7448-6123-406C-A66B-ADC2133B94B2}.Release|Any CPU.Build.0 = Release|Any CPU
		{C05D7448-6123-406C-A66B-ADC2133B94B2}.Release|x64.ActiveCfg = Release|Any CPU
		{C05D7448-6123-406C-A66B-ADC2133B94B2}.Release|x64.Build.0 = Release|Any CPU
		{C05D7448-6123-406C-A66B-ADC2133B94B2}.Release|x86.ActiveCfg = Release|Any CPU
		{C05D7448-6123-406C-A66B-ADC2133B94B2}.Release|x86.Build.0 = Release|Any CPU
		{F8137740-CFC1-477C-AB64-5D66A30CF9CF}.Debug|Any CPU.ActiveCfg = Debug|Any CPU
		{F8137740-CFC1-477C-AB64-5D66A30CF9CF}.Debug|Any CPU.Build.0 = Debug|Any CPU
		{F8137740-CFC1-477C-AB64-5D66A30CF9CF}.Debug|x64.ActiveCfg = Debug|Any CPU
		{F8137740-CFC1-477C-AB64-5D66A30CF9CF}.Debug|x64.Build.0 = Debug|Any CPU
		{F8137740-CFC1-477C-AB64-5D66A30CF9CF}.Debug|x86.ActiveCfg = Debug|Any CPU
		{F8137740-CFC1-477C-AB64-5D66A30CF9CF}.Debug|x86.Build.0 = Debug|Any CPU
		{F8137740-CFC1-477C-AB64-5D66A30CF9CF}.Release|Any CPU.ActiveCfg = Release|Any CPU
		{F8137740-CFC1-477C-AB64-5D66A30CF9CF}.Release|Any CPU.Build.0 = Release|Any CPU
		{F8137740-CFC1-477C-AB64-5D66A30CF9CF}.Release|x64.ActiveCfg = Release|Any CPU
		{F8137740-CFC1-477C-AB64-5D66A30CF9CF}.Release|x64.Build.0 = Release|Any CPU
		{F8137740-CFC1-477C-AB64-5D66A30CF9CF}.Release|x86.ActiveCfg = Release|Any CPU
		{F8137740-CFC1-477C-AB64-5D66A30CF9CF}.Release|x86.Build.0 = Release|Any CPU
		{CBE11BDF-2891-4678-A7DE-F94615167854}.Debug|Any CPU.ActiveCfg = Debug|Any CPU
		{CBE11BDF-2891-4678-A7DE-F94615167854}.Debug|Any CPU.Build.0 = Debug|Any CPU
		{CBE11BDF-2891-4678-A7DE-F94615167854}.Debug|x64.ActiveCfg = Debug|Any CPU
		{CBE11BDF-2891-4678-A7DE-F94615167854}.Debug|x64.Build.0 = Debug|Any CPU
		{CBE11BDF-2891-4678-A7DE-F94615167854}.Debug|x86.ActiveCfg = Debug|Any CPU
		{CBE11BDF-2891-4678-A7DE-F94615167854}.Debug|x86.Build.0 = Debug|Any CPU
		{CBE11BDF-2891-4678-A7DE-F94615167854}.Release|Any CPU.ActiveCfg = Release|Any CPU
		{CBE11BDF-2891-4678-A7DE-F94615167854}.Release|Any CPU.Build.0 = Release|Any CPU
		{CBE11BDF-2891-4678-A7DE-F94615167854}.Release|x64.ActiveCfg = Release|Any CPU
		{CBE11BDF-2891-4678-A7DE-F94615167854}.Release|x64.Build.0 = Release|Any CPU
		{CBE11BDF-2891-4678-A7DE-F94615167854}.Release|x86.ActiveCfg = Release|Any CPU
		{CBE11BDF-2891-4678-A7DE-F94615167854}.Release|x86.Build.0 = Release|Any CPU
		{0C7B0C82-ADF8-4788-9DA0-E9DB29E92FE2}.Debug|Any CPU.ActiveCfg = Debug|Any CPU
		{0C7B0C82-ADF8-4788-9DA0-E9DB29E92FE2}.Debug|Any CPU.Build.0 = Debug|Any CPU
		{0C7B0C82-ADF8-4788-9DA0-E9DB29E92FE2}.Debug|x64.ActiveCfg = Debug|Any CPU
		{0C7B0C82-ADF8-4788-9DA0-E9DB29E92FE2}.Debug|x64.Build.0 = Debug|Any CPU
		{0C7B0C82-ADF8-4788-9DA0-E9DB29E92FE2}.Debug|x86.ActiveCfg = Debug|Any CPU
		{0C7B0C82-ADF8-4788-9DA0-E9DB29E92FE2}.Debug|x86.Build.0 = Debug|Any CPU
		{0C7B0C82-ADF8-4788-9DA0-E9DB29E92FE2}.Release|Any CPU.ActiveCfg = Release|Any CPU
		{0C7B0C82-ADF8-4788-9DA0-E9DB29E92FE2}.Release|Any CPU.Build.0 = Release|Any CPU
		{0C7B0C82-ADF8-4788-9DA0-E9DB29E92FE2}.Release|x64.ActiveCfg = Release|Any CPU
		{0C7B0C82-ADF8-4788-9DA0-E9DB29E92FE2}.Release|x64.Build.0 = Release|Any CPU
		{0C7B0C82-ADF8-4788-9DA0-E9DB29E92FE2}.Release|x86.ActiveCfg = Release|Any CPU
		{0C7B0C82-ADF8-4788-9DA0-E9DB29E92FE2}.Release|x86.Build.0 = Release|Any CPU
		{3C75FA0C-9F80-4741-B285-179507A2AB96}.Debug|Any CPU.ActiveCfg = Debug|Any CPU
		{3C75FA0C-9F80-4741-B285-179507A2AB96}.Debug|Any CPU.Build.0 = Debug|Any CPU
		{3C75FA0C-9F80-4741-B285-179507A2AB96}.Debug|x64.ActiveCfg = Debug|Any CPU
		{3C75FA0C-9F80-4741-B285-179507A2AB96}.Debug|x64.Build.0 = Debug|Any CPU
		{3C75FA0C-9F80-4741-B285-179507A2AB96}.Debug|x86.ActiveCfg = Debug|Any CPU
		{3C75FA0C-9F80-4741-B285-179507A2AB96}.Debug|x86.Build.0 = Debug|Any CPU
		{3C75FA0C-9F80-4741-B285-179507A2AB96}.Release|Any CPU.ActiveCfg = Release|Any CPU
		{3C75FA0C-9F80-4741-B285-179507A2AB96}.Release|Any CPU.Build.0 = Release|Any CPU
		{3C75FA0C-9F80-4741-B285-179507A2AB96}.Release|x64.ActiveCfg = Release|Any CPU
		{3C75FA0C-9F80-4741-B285-179507A2AB96}.Release|x64.Build.0 = Release|Any CPU
		{3C75FA0C-9F80-4741-B285-179507A2AB96}.Release|x86.ActiveCfg = Release|Any CPU
		{3C75FA0C-9F80-4741-B285-179507A2AB96}.Release|x86.Build.0 = Release|Any CPU
	EndGlobalSection
	GlobalSection(SolutionProperties) = preSolution
		HideSolutionNode = FALSE
	EndGlobalSection
	GlobalSection(ExtensibilityGlobals) = postSolution
		SolutionGuid = {8A95C724-0A1E-44FB-B611-58D49483ECA5}
	EndGlobalSection
EndGlobal
